
Microsoft Visual Studio Solution File, Format Version 9.00
# Visual C++ Express 2005
Project("{8BC9CEB8-8B4A-11D0-8D11-00A0C91BC942}") = "et", "et.vcproj", "{BC490EEE-07D3-49F4-B50E-7A740E308839}"
EndProject
Global
	GlobalSection(SolutionConfigurationPlatforms) = preSolution
		Debug|Win32 = Debug|Win32
		Release|Win32 = Release|Win32
	EndGlobalSection
	GlobalSection(ProjectConfigurationPlatforms) = postSolution
		{BC490EEE-07D3-49F4-B50E-7A740E308839}.Debug|Win32.ActiveCfg = Debug|Win32
		{BC490EEE-07D3-49F4-B50E-7A740E308839}.Debug|Win32.Build.0 = Debug|Win32
		{BC490EEE-07D3-49F4-B50E-7A740E308839}.Release|Win32.ActiveCfg = Release|Win32
		{BC490EEE-07D3-49F4-B50E-7A740E308839}.Release|Win32.Build.0 = Release|Win32
	EndGlobalSection
	GlobalSection(SolutionProperties) = preSolution
		HideSolutionNode = FALSE
	EndGlobalSection
EndGlobal
